
Microsoft Visual Studio Solution File, Format Version 12.00
# Visual Studio Version 17
VisualStudioVersion = 17.7.34031.279
MinimumVisualStudioVersion = 10.0.40219.1
Project("{8BC9CEB8-8B4A-11D0-8D11-00A0C91BC942}") = "IArticlePub", "IArticlePub.vcxproj", "{4436DB10-2535-4DAD-801B-AD84E7DA35B9}"
EndProject
Global
	GlobalSection(SolutionConfigurationPlatforms) = preSolution
		Debug|x64 = Debug|x64
		Debug|x86 = Debug|x86
		Release|x64 = Release|x64
		Release|x86 = Release|x86
	EndGlobalSection
	GlobalSection(ProjectConfigurationPlatforms) = postSolution
		{4436DB10-2535-4DAD-801B-AD84E7DA35B9}.Debug|x64.ActiveCfg = Debug|x64
		{4436DB10-2535-4DAD-801B-AD84E7DA35B9}.Debug|x64.Build.0 = Debug|x64
		{4436DB10-2535-4DAD-801B-AD84E7DA35B9}.Debug|x86.ActiveCfg = Debug|Win32
		{4436DB10-2535-4DAD-801B-AD84E7DA35B9}.Debug|x86.Build.0 = Debug|Win32
		{4436DB10-2535-4DAD-801B-AD84E7DA35B9}.Release|x64.ActiveCfg = Release|x64
		{4436DB10-2535-4DAD-801B-AD84E7DA35B9}.Release|x64.Build.0 = Release|x64
		{4436DB10-2535-4DAD-801B-AD84E7DA35B9}.Release|x86.ActiveCfg = Release|Win32
		{4436DB10-2535-4DAD-801B-AD84E7DA35B9}.Release|x86.Build.0 = Release|Win32
	EndGlobalSection
	GlobalSection(SolutionProperties) = preSolution
		HideSolutionNode = FALSE
	EndGlobalSection
	GlobalSection(ExtensibilityGlobals) = postSolution
		SolutionGuid = {DB5C3179-DC4F-407D-AA27-C07B91E6E164}
	EndGlobalSection
EndGlobal
